// !$*UTF8*$!
{
	archiveVersion = 1;
	classes = {
	};
	objectVersion = 46;
	objects = {

/* Begin PBXBuildFile section */
		12EC3F7F1C292B5300939351 /* main.m in Sources */ = {isa = PBXBuildFile; fileRef = 12EC3F7E1C292B5300939351 /* main.m */; };
		12EC3F821C292B5300939351 /* AppDelegate.m in Sources */ = {isa = PBXBuildFile; fileRef = 12EC3F811C292B5300939351 /* AppDelegate.m */; };
		12EC3F851C292B5300939351 /* ViewController.m in Sources */ = {isa = PBXBuildFile; fileRef = 12EC3F841C292B5300939351 /* ViewController.m */; };
		12EC3F881C292B5300939351 /* Main.storyboard in Resources */ = {isa = PBXBuildFile; fileRef = 12EC3F861C292B5300939351 /* Main.storyboard */; };
		12EC3F8A1C292B5300939351 /* Assets.xcassets in Resources */ = {isa = PBXBuildFile; fileRef = 12EC3F891C292B5300939351 /* Assets.xcassets */; };
		12EC3F8D1C292B5300939351 /* LaunchScreen.storyboard in Resources */ = {isa = PBXBuildFile; fileRef = 12EC3F8B1C292B5300939351 /* LaunchScreen.storyboard */; };
		12EC3F981C292B5300939351 /* TMPhotosTests.m in Sources */ = {isa = PBXBuildFile; fileRef = 12EC3F971C292B5300939351 /* TMPhotosTests.m */; };
		12EC3FAA1C292B8900939351 /* TMAsset.m in Sources */ = {isa = PBXBuildFile; fileRef = 12EC3FA31C292B8900939351 /* TMAsset.m */; };
		12EC3FAB1C292B8900939351 /* TMAssetsCollection.m in Sources */ = {isa = PBXBuildFile; fileRef = 12EC3FA51C292B8900939351 /* TMAssetsCollection.m */; };
		12EC3FAC1C292B8900939351 /* TMImageCache.m in Sources */ = {isa = PBXBuildFile; fileRef = 12EC3FA71C292B8900939351 /* TMImageCache.m */; };
		12EC3FAD1C292B8900939351 /* TMCachingImageManager.m in Sources */ = {isa = PBXBuildFile; fileRef = 12EC3FA91C292B8900939351 /* TMCachingImageManager.m */; };
/* End PBXBuildFile section */

/* Begin PBXContainerItemProxy section */
		12EC3F941C292B5300939351 /* PBXContainerItemProxy */ = {
			isa = PBXContainerItemProxy;
			containerPortal = 12EC3F721C292B5300939351 /* Project object */;
			proxyType = 1;
			remoteGlobalIDString = 12EC3F791C292B5300939351;
			remoteInfo = TMPhotos;
		};
/* End PBXContainerItemProxy section */

/* Begin PBXFileReference section */
		12EC3F7A1C292B5300939351 /* TMPhotos.app */ = {isa = PBXFileReference; explicitFileType = wrapper.application; includeInIndex = 0; path = TMPhotos.app; sourceTree = BUILT_PRODUCTS_DIR; };
		12EC3F7E1C292B5300939351 /* main.m */ = {isa = PBXFileReference; lastKnownFileType = sourcecode.c.objc; path = main.m; sourceTree = "<group>"; };
		12EC3F801C292B5300939351 /* AppDelegate.h */ = {isa = PBXFileReference; lastKnownFileType = sourcecode.c.h; path = AppDelegate.h; sourceTree = "<group>"; };
		12EC3F811C292B5300939351 /* AppDelegate.m */ = {isa = PBXFileReference; lastKnownFileType = sourcecode.c.objc; path = AppDelegate.m; sourceTree = "<group>"; };
		12EC3F831C292B5300939351 /* ViewController.h */ = {isa = PBXFileReference; lastKnownFileType = sourcecode.c.h; path = ViewController.h; sourceTree = "<group>"; };
		12EC3F841C292B5300939351 /* ViewController.m */ = {isa = PBXFileReference; lastKnownFileType = sourcecode.c.objc; path = ViewController.m; sourceTree = "<group>"; };
		12EC3F871C292B5300939351 /* Base */ = {isa = PBXFileReference; lastKnownFileType = file.storyboard; name = Base; path = Base.lproj/Main.storyboard; sourceTree = "<group>"; };
		12EC3F891C292B5300939351 /* Assets.xcassets */ = {isa = PBXFileReference; lastKnownFileType = folder.assetcatalog; path = Assets.xcassets; sourceTree = "<group>"; };
		12EC3F8C1C292B5300939351 /* Base */ = {isa = PBXFileReference; lastKnownFileType = file.storyboard; name = Base; path = Base.lproj/LaunchScreen.storyboard; sourceTree = "<group>"; };
		12EC3F8E1C292B5300939351 /* Info.plist */ = {isa = PBXFileReference; lastKnownFileType = text.plist.xml; path = Info.plist; sourceTree = "<group>"; };
		12EC3F931C292B5300939351 /* TMPhotosTests.xctest */ = {isa = PBXFileReference; explicitFileType = wrapper.cfbundle; includeInIndex = 0; path = TMPhotosTests.xctest; sourceTree = BUILT_PRODUCTS_DIR; };
		12EC3F971C292B5300939351 /* TMPhotosTests.m */ = {isa = PBXFileReference; lastKnownFileType = sourcecode.c.objc; path = TMPhotosTests.m; sourceTree = "<group>"; };
		12EC3F991C292B5300939351 /* Info.plist */ = {isa = PBXFileReference; lastKnownFileType = text.plist.xml; path = Info.plist; sourceTree = "<group>"; };
		12EC3FA21C292B8900939351 /* TMAsset.h */ = {isa = PBXFileReference; fileEncoding = 4; lastKnownFileType = sourcecode.c.h; path = TMAsset.h; sourceTree = "<group>"; };
		12EC3FA31C292B8900939351 /* TMAsset.m */ = {isa = PBXFileReference; fileEncoding = 4; lastKnownFileType = sourcecode.c.objc; path = TMAsset.m; sourceTree = "<group>"; };
		12EC3FA41C292B8900939351 /* TMAssetsCollection.h */ = {isa = PBXFileReference; fileEncoding = 4; lastKnownFileType = sourcecode.c.h; path = TMAssetsCollection.h; sourceTree = "<group>"; };
		12EC3FA51C292B8900939351 /* TMAssetsCollection.m */ = {isa = PBXFileReference; fileEncoding = 4; lastKnownFileType = sourcecode.c.objc; path = TMAssetsCollection.m; sourceTree = "<group>"; };
		12EC3FA61C292B8900939351 /* TMImageCache.h */ = {isa = PBXFileReference; fileEncoding = 4; lastKnownFileType = sourcecode.c.h; path = TMImageCache.h; sourceTree = "<group>"; };
		12EC3FA71C292B8900939351 /* TMImageCache.m */ = {isa = PBXFileReference; fileEncoding = 4; lastKnownFileType = sourcecode.c.objc; path = TMImageCache.m; sourceTree = "<group>"; };
		12EC3FA81C292B8900939351 /* TMCachingImageManager.h */ = {isa = PBXFileReference; fileEncoding = 4; lastKnownFileType = sourcecode.c.h; path = TMCachingImageManager.h; sourceTree = "<group>"; };
		12EC3FA91C292B8900939351 /* TMCachingImageManager.m */ = {isa = PBXFileReference; fileEncoding = 4; lastKnownFileType = sourcecode.c.objc; path = TMCachingImageManager.m; sourceTree = "<group>"; };
/* End PBXFileReference section */

/* Begin PBXFrameworksBuildPhase section */
		12EC3F771C292B5300939351 /* Frameworks */ = {
			isa = PBXFrameworksBuildPhase;
			buildActionMask = 2147483647;
			files = (
			);
			runOnlyForDeploymentPostprocessing = 0;
		};
		12EC3F901C292B5300939351 /* Frameworks */ = {
			isa = PBXFrameworksBuildPhase;
			buildActionMask = 2147483647;
			files = (
			);
			runOnlyForDeploymentPostprocessing = 0;
		};
/* End PBXFrameworksBuildPhase section */

/* Begin PBXGroup section */
		12EC3F711C292B5300939351 = {
			isa = PBXGroup;
			children = (
				12EC3F7C1C292B5300939351 /* TMPhotos */,
				12EC3F961C292B5300939351 /* TMPhotosTests */,
				12EC3F7B1C292B5300939351 /* Products */,
			);
			sourceTree = "<group>";
		};
		12EC3F7B1C292B5300939351 /* Products */ = {
			isa = PBXGroup;
			children = (
				12EC3F7A1C292B5300939351 /* TMPhotos.app */,
				12EC3F931C292B5300939351 /* TMPhotosTests.xctest */,
			);
			name = Products;
			sourceTree = "<group>";
		};
		12EC3F7C1C292B5300939351 /* TMPhotos */ = {
			isa = PBXGroup;
			children = (
				12EC3F801C292B5300939351 /* AppDelegate.h */,
				12EC3F811C292B5300939351 /* AppDelegate.m */,
				12EC3F831C292B5300939351 /* ViewController.h */,
				12EC3F841C292B5300939351 /* ViewController.m */,
				12EC3FA21C292B8900939351 /* TMAsset.h */,
				12EC3FA31C292B8900939351 /* TMAsset.m */,
				12EC3FA41C292B8900939351 /* TMAssetsCollection.h */,
				12EC3FA51C292B8900939351 /* TMAssetsCollection.m */,
				12EC3FA61C292B8900939351 /* TMImageCache.h */,
				12EC3FA71C292B8900939351 /* TMImageCache.m */,
				12EC3FA81C292B8900939351 /* TMCachingImageManager.h */,
				12EC3FA91C292B8900939351 /* TMCachingImageManager.m */,
				12EC3F861C292B5300939351 /* Main.storyboard */,
				12EC3F891C292B5300939351 /* Assets.xcassets */,
				12EC3F8B1C292B5300939351 /* LaunchScreen.storyboard */,
				12EC3F8E1C292B5300939351 /* Info.plist */,
				12EC3F7D1C292B5300939351 /* Supporting Files */,
			);
			path = TMPhotos;
			sourceTree = "<group>";
		};
		12EC3F7D1C292B5300939351 /* Supporting Files */ = {
			isa = PBXGroup;
			children = (
				12EC3F7E1C292B5300939351 /* main.m */,
			);
			name = "Supporting Files";
			sourceTree = "<group>";
		};
		12EC3F961C292B5300939351 /* TMPhotosTests */ = {
			isa = PBXGroup;
			children = (
				12EC3F971C292B5300939351 /* TMPhotosTests.m */,
				12EC3F991C292B5300939351 /* Info.plist */,
			);
			path = TMPhotosTests;
			sourceTree = "<group>";
		};
/* End PBXGroup section */

/* Begin PBXNativeTarget section */
		12EC3F791C292B5300939351 /* TMPhotos */ = {
			isa = PBXNativeTarget;
			buildConfigurationList = 12EC3F9C1C292B5300939351 /* Build configuration list for PBXNativeTarget "TMPhotos" */;
			buildPhases = (
				12EC3F761C292B5300939351 /* Sources */,
				12EC3F771C292B5300939351 /* Frameworks */,
				12EC3F781C292B5300939351 /* Resources */,
			);
			buildRules = (
			);
			dependencies = (
			);
			name = TMPhotos;
			productName = TMPhotos;
			productReference = 12EC3F7A1C292B5300939351 /* TMPhotos.app */;
			productType = "com.apple.product-type.application";
		};
		12EC3F921C292B5300939351 /* TMPhotosTests */ = {
			isa = PBXNativeTarget;
			buildConfigurationList = 12EC3F9F1C292B5300939351 /* Build configuration list for PBXNativeTarget "TMPhotosTests" */;
			buildPhases = (
				12EC3F8F1C292B5300939351 /* Sources */,
				12EC3F901C292B5300939351 /* Frameworks */,
				12EC3F911C292B5300939351 /* Resources */,
			);
			buildRules = (
			);
			dependencies = (
				12EC3F951C292B5300939351 /* PBXTargetDependency */,
			);
			name = TMPhotosTests;
			productName = TMPhotosTests;
			productReference = 12EC3F931C292B5300939351 /* TMPhotosTests.xctest */;
			productType = "com.apple.product-type.bundle.unit-test";
		};
/* End PBXNativeTarget section */

/* Begin PBXProject section */
		12EC3F721C292B5300939351 /* Project object */ = {
			isa = PBXProject;
			attributes = {
				LastUpgradeCheck = 0720;
				ORGANIZATIONNAME = "Timers inc";
				TargetAttributes = {
					12EC3F791C292B5300939351 = {
						CreatedOnToolsVersion = 7.2;
					};
					12EC3F921C292B5300939351 = {
						CreatedOnToolsVersion = 7.2;
						TestTargetID = 12EC3F791C292B5300939351;
					};
				};
			};
			buildConfigurationList = 12EC3F751C292B5300939351 /* Build configuration list for PBXProject "TMPhotos" */;
			compatibilityVersion = "Xcode 3.2";
			developmentRegion = English;
			hasScannedForEncodings = 0;
			knownRegions = (
				en,
				Base,
			);
			mainGroup = 12EC3F711C292B5300939351;
			productRefGroup = 12EC3F7B1C292B5300939351 /* Products */;
			projectDirPath = "";
			projectRoot = "";
			targets = (
				12EC3F791C292B5300939351 /* TMPhotos */,
				12EC3F921C292B5300939351 /* TMPhotosTests */,
			);
		};
/* End PBXProject section */

/* Begin PBXResourcesBuildPhase section */
		12EC3F781C292B5300939351 /* Resources */ = {
			isa = PBXResourcesBuildPhase;
			buildActionMask = 2147483647;
			files = (
				12EC3F8D1C292B5300939351 /* LaunchScreen.storyboard in Resources */,
				12EC3F8A1C292B5300939351 /* Assets.xcassets in Resources */,
				12EC3F881C292B5300939351 /* Main.storyboard in Resources */,
			);
			runOnlyForDeploymentPostprocessing = 0;
		};
		12EC3F911C292B5300939351 /* Resources */ = {
			isa = PBXResourcesBuildPhase;
			buildActionMask = 2147483647;
			files = (
			);
			runOnlyForDeploymentPostprocessing = 0;
		};
/* End PBXResourcesBuildPhase section */

/* Begin PBXSourcesBuildPhase section */
		12EC3F761C292B5300939351 /* Sources */ = {
			isa = PBXSourcesBuildPhase;
			buildActionMask = 2147483647;
			files = (
				12EC3F851C292B5300939351 /* ViewController.m in Sources */,
				12EC3FAB1C292B8900939351 /* TMAssetsCollection.m in Sources */,
				12EC3FAD1C292B8900939351 /* TMCachingImageManager.m in Sources */,
				12EC3FAA1C292B8900939351 /* TMAsset.m in Sources */,
				12EC3FAC1C292B8900939351 /* TMImageCache.m in Sources */,
				12EC3F821C292B5300939351 /* AppDelegate.m in Sources */,
				12EC3F7F1C292B5300939351 /* main.m in Sources */,
			);
			runOnlyForDeploymentPostprocessing = 0;
		};
		12EC3F8F1C292B5300939351 /* Sources */ = {
			isa = PBXSourcesBuildPhase;
			buildActionMask = 2147483647;
			files = (
				12EC3F981C292B5300939351 /* TMPhotosTests.m in Sources */,
			);
			runOnlyForDeploymentPostprocessing = 0;
		};
/* End PBXSourcesBuildPhase section */

/* Begin PBXTargetDependency section */
		12EC3F951C292B5300939351 /* PBXTargetDependency */ = {
			isa = PBXTargetDependency;
			target = 12EC3F791C292B5300939351 /* TMPhotos */;
			targetProxy = 12EC3F941C292B5300939351 /* PBXContainerItemProxy */;
		};
/* End PBXTargetDependency section */

/* Begin PBXVariantGroup section */
		12EC3F861C292B5300939351 /* Main.storyboard */ = {
			isa = PBXVariantGroup;
			children = (
				12EC3F871C292B5300939351 /* Base */,
			);
			name = Main.storyboard;
			sourceTree = "<group>";
		};
		12EC3F8B1C292B5300939351 /* LaunchScreen.storyboard */ = {
			isa = PBXVariantGroup;
			children = (
				12EC3F8C1C292B5300939351 /* Base */,
			);
			name = LaunchScreen.storyboard;
			sourceTree = "<group>";
		};
/* End PBXVariantGroup section */

/* Begin XCBuildConfiguration section */
		12EC3F9A1C292B5300939351 /* Debug */ = {
			isa = XCBuildConfiguration;
			buildSettings = {
				ALWAYS_SEARCH_USER_PATHS = NO;
				CLANG_CXX_LANGUAGE_STANDARD = "gnu++0x";
				CLANG_CXX_LIBRARY = "libc++";
				CLANG_ENABLE_MODULES = YES;
				CLANG_ENABLE_OBJC_ARC = YES;
				CLANG_WARN_BOOL_CONVERSION = YES;
				CLANG_WARN_CONSTANT_CONVERSION = YES;
				CLANG_WARN_DIRECT_OBJC_ISA_USAGE = YES_ERROR;
				CLANG_WARN_EMPTY_BODY = YES;
				CLANG_WARN_ENUM_CONVERSION = YES;
				CLANG_WARN_INT_CONVERSION = YES;
				CLANG_WARN_OBJC_ROOT_CLASS = YES_ERROR;
				CLANG_WARN_UNREACHABLE_CODE = YES;
				CLANG_WARN__DUPLICATE_METHOD_MATCH = YES;
				"CODE_SIGN_IDENTITY[sdk=iphoneos*]" = "iPhone Developer";
				COPY_PHASE_STRIP = NO;
				DEBUG_INFORMATION_FORMAT = dwarf;
				ENABLE_STRICT_OBJC_MSGSEND = YES;
				ENABLE_TESTABILITY = YES;
				GCC_C_LANGUAGE_STANDARD = gnu99;
				GCC_DYNAMIC_NO_PIC = NO;
				GCC_NO_COMMON_BLOCKS = YES;
				GCC_OPTIMIZATION_LEVEL = 0;
				GCC_PREPROCESSOR_DEFINITIONS = (
					"DEBUG=1",
					"$(inherited)",
				);
				GCC_WARN_64_TO_32_BIT_CONVERSION = YES;
				GCC_WARN_ABOUT_RETURN_TYPE = YES_ERROR;
				GCC_WARN_UNDECLARED_SELECTOR = YES;
				GCC_WARN_UNINITIALIZED_AUTOS = YES_AGGRESSIVE;
				GCC_WARN_UNUSED_FUNCTION = YES;
				GCC_WARN_UNUSED_VARIABLE = YES;
				IPHONEOS_DEPLOYMENT_TARGET = 9.2;
				MTL_ENABLE_DEBUG_INFO = YES;
				ONLY_ACTIVE_ARCH = YES;
				SDKROOT = iphoneos;
			};
			name = Debug;
		};
		12EC3F9B1C292B5300939351 /* Release */ = {
			isa = XCBuildConfiguration;
			buildSettings = {
				ALWAYS_SEARCH_USER_PATHS = NO;
				CLANG_CXX_LANGUAGE_STANDARD = "gnu++0x";
				CLANG_CXX_LIBRARY = "libc++";
				CLANG_ENABLE_MODULES = YES;
				CLANG_ENABLE_OBJC_ARC = YES;
				CLANG_WARN_BOOL_CONVERSION = YES;
				CLANG_WARN_CONSTANT_CONVERSION = YES;
				CLANG_WARN_DIRECT_OBJC_ISA_USAGE = YES_ERROR;
				CLANG_WARN_EMPTY_BODY = YES;
				CLANG_WARN_ENUM_CONVERSION = YES;
				CLANG_WARN_INT_CONVERSION = YES;
				CLANG_WARN_OBJC_ROOT_CLASS = YES_ERROR;
				CLANG_WARN_UNREACHABLE_CODE = YES;
				CLANG_WARN__DUPLICATE_METHOD_MATCH = YES;
				"CODE_SIGN_IDENTITY[sdk=iphoneos*]" = "iPhone Developer";
				COPY_PHASE_STRIP = NO;
				DEBUG_INFORMATION_FORMAT = "dwarf-with-dsym";
				ENABLE_NS_ASSERTIONS = NO;
				ENABLE_STRICT_OBJC_MSGSEND = YES;
				GCC_C_LANGUAGE_STANDARD = gnu99;
				GCC_NO_COMMON_BLOCKS = YES;
				GCC_WARN_64_TO_32_BIT_CONVERSION = YES;
				GCC_WARN_ABOUT_RETURN_TYPE = YES_ERROR;
				GCC_WARN_UNDECLARED_SELECTOR = YES;
				GCC_WARN_UNINITIALIZED_AUTOS = YES_AGGRESSIVE;
				GCC_WARN_UNUSED_FUNCTION = YES;
				GCC_WARN_UNUSED_VARIABLE = YES;
				IPHONEOS_DEPLOYMENT_TARGET = 9.2;
				MTL_ENABLE_DEBUG_INFO = NO;
				SDKROOT = iphoneos;
				VALIDATE_PRODUCT = YES;
			};
			name = Release;
		};
		12EC3F9D1C292B5300939351 /* Debug */ = {
			isa = XCBuildConfiguration;
			buildSettings = {
				ASSETCATALOG_COMPILER_APPICON_NAME = AppIcon;
				INFOPLIST_FILE = TMPhotos/Info.plist;
				LD_RUNPATH_SEARCH_PATHS = "$(inherited) @executable_path/Frameworks";
				PRODUCT_BUNDLE_IDENTIFIER = "com.timers-inc.TMPhotos";
				PRODUCT_NAME = "$(TARGET_NAME)";
			};
			name = Debug;
		};
		12EC3F9E1C292B5300939351 /* Release */ = {
			isa = XCBuildConfiguration;
			buildSettings = {
				ASSETCATALOG_COMPILER_APPICON_NAME = AppIcon;
				INFOPLIST_FILE = TMPhotos/Info.plist;
				LD_RUNPATH_SEARCH_PATHS = "$(inherited) @executable_path/Frameworks";
				PRODUCT_BUNDLE_IDENTIFIER = "com.timers-inc.TMPhotos";
				PRODUCT_NAME = "$(TARGET_NAME)";
			};
			name = Release;
		};
		12EC3FA01C292B5300939351 /* Debug */ = {
			isa = XCBuildConfiguration;
			buildSettings = {
				BUNDLE_LOADER = "$(TEST_HOST)";
				INFOPLIST_FILE = TMPhotosTests/Info.plist;
				LD_RUNPATH_SEARCH_PATHS = "$(inherited) @executable_path/Frameworks @loader_path/Frameworks";
				PRODUCT_BUNDLE_IDENTIFIER = "com.timers-inc.TMPhotosTests";
				PRODUCT_NAME = "$(TARGET_NAME)";
				TEST_HOST = "$(BUILT_PRODUCTS_DIR)/TMPhotos.app/TMPhotos";
			};
			name = Debug;
		};
		12EC3FA11C292B5300939351 /* Release */ = {
			isa = XCBuildConfiguration;
			buildSettings = {
				BUNDLE_LOADER = "$(TEST_HOST)";
				INFOPLIST_FILE = TMPhotosTests/Info.plist;
				LD_RUNPATH_SEARCH_PATHS = "$(inherited) @executable_path/Frameworks @loader_path/Frameworks";
				PRODUCT_BUNDLE_IDENTIFIER = "com.timers-inc.TMPhotosTests";
				PRODUCT_NAME = "$(TARGET_NAME)";
				TEST_HOST = "$(BUILT_PRODUCTS_DIR)/TMPhotos.app/TMPhotos";
			};
			name = Release;
		};
/* End XCBuildConfiguration section */

/* Begin XCConfigurationList section */
		12EC3F751C292B5300939351 /* Build configuration list for PBXProject "TMPhotos" */ = {
			isa = XCConfigurationList;
			buildConfigurations = (
				12EC3F9A1C292B5300939351 /* Debug */,
				12EC3F9B1C292B5300939351 /* Release */,
			);
			defaultConfigurationIsVisible = 0;
			defaultConfigurationName = Release;
		};
		12EC3F9C1C292B5300939351 /* Build configuration list for PBXNativeTarget "TMPhotos" */ = {
			isa = XCConfigurationList;
			buildConfigurations = (
				12EC3F9D1C292B5300939351 /* Debug */,
				12EC3F9E1C292B5300939351 /* Release */,
			);
			defaultConfigurationIsVisible = 0;
		};
		12EC3F9F1C292B5300939351 /* Build configuration list for PBXNativeTarget "TMPhotosTests" */ = {
			isa = XCConfigurationList;
			buildConfigurations = (
				12EC3FA01C292B5300939351 /* Debug */,
				12EC3FA11C292B5300939351 /* Release */,
			);
			defaultConfigurationIsVisible = 0;
		};
/* End XCConfigurationList section */
	};
	rootObject = 12EC3F721C292B5300939351 /* Project object */;
}
